
Microsoft Visual Studio Solution File, Format Version 12.00
# Visual Studio Version 17
VisualStudioVersion = 17.11.35327.3
MinimumVisualStudioVersion = 10.0.40219.1
Project("{FAE04EC0-301F-11D3-BF4B-00C04F79EFBC}") = "ConsoleAppEFTransaction", "ConsoleAppEFTransaction\ConsoleAppEFTransaction.csproj", "{75D913C4-7481-4E90-B664-2DD65B822348}"
EndProject
Global
	GlobalSection(SolutionConfigurationPlatforms) = preSolution
		Debug|Any CPU = Debug|Any CPU
		Release|Any CPU = Release|Any CPU
	EndGlobalSection
	GlobalSection(ProjectConfigurationPlatforms) = postSolution
		{75D913C4-7481-4E90-B664-2DD65B822348}.Debug|Any CPU.ActiveCfg = Debug|Any CPU
		{75D913C4-7481-4E90-B664-2DD65B822348}.Debug|Any CPU.Build.0 = Debug|Any CPU
		{75D913C4-7481-4E90-B664-2DD65B822348}.Release|Any CPU.ActiveCfg = Release|Any CPU
		{75D913C4-7481-4E90-B664-2DD65B822348}.Release|Any CPU.Build.0 = Release|Any CPU
	EndGlobalSection
	GlobalSection(SolutionProperties) = preSolution
		HideSolutionNode = FALSE
	EndGlobalSection
	GlobalSection(ExtensibilityGlobals) = postSolution
		SolutionGuid = {6C2434A2-40CA-42E4-B8D8-CF97ECA83FEB}
	EndGlobalSection
EndGlobal
